// !$*UTF8*$!
{
	archiveVersion = 1;
	classes = {
	};
	objectVersion = 52;
	objects = {

/* Begin PBXBuildFile section */
		63026F702445D8F70096F852 /* BuildFile in Frameworks */ = {isa = PBXBuildFile; productRef = 63026F6F2445D8F70096F852 /* SwiftPackageProductDependency */; };
		63026F732445DE780096F852 /* BuildFile in Frameworks */ = {isa = PBXBuildFile; productRef = 63026F722445DE780096F852 /* SwiftPackageProductDependency */; };
		638D30FB21A75B3E00031B54 /* ViewController.swift in Sources */ = {isa = PBXBuildFile; fileRef = 638D30F021A75B3E00031B54 /* ViewController.swift */; };
		638D30FC21A75B3E00031B54 /* Result.swift in Sources */ = {isa = PBXBuildFile; fileRef = 638D30F121A75B3E00031B54 /* Result.swift */; };
		638D30FD21A75B3E00031B54 /* Assets.xcassets in Resources */ = {isa = PBXBuildFile; fileRef = 638D30F221A75B3E00031B54 /* Assets.xcassets */; };
		638D310021A75B3E00031B54 /* Extensions.swift in Sources */ = {isa = PBXBuildFile; fileRef = 638D30F721A75B3E00031B54 /* Extensions.swift */; };
		638D310121A75B3E00031B54 /* Compilation.swift in Sources */ = {isa = PBXBuildFile; fileRef = 638D30F821A75B3E00031B54 /* Compilation.swift */; };
		638D310221A75B3E00031B54 /* AppDelegate.swift in Sources */ = {isa = PBXBuildFile; fileRef = 638D30F921A75B3E00031B54 /* AppDelegate.swift */; };
		638D310421A75CF400031B54 /* LaunchScreen.storyboard in Resources */ = {isa = PBXBuildFile; fileRef = 638D30F321A75B3E00031B54 /* LaunchScreen.storyboard */; };
		638D310521A75CF400031B54 /* Main.storyboard in Resources */ = {isa = PBXBuildFile; fileRef = 638D30F521A75B3E00031B54 /* Main.storyboard */; };
/* End PBXBuildFile section */

/* Begin PBXFileReference section */
		63890ED121A5C3E0004DF8A2 /* Xcode mini.app */ = {isa = PBXFileReference; explicitFileType = wrapper.application; includeInIndex = 0; path = "Xcode mini.app"; sourceTree = BUILT_PRODUCTS_DIR; };
		638D30F021A75B3E00031B54 /* ViewController.swift */ = {isa = PBXFileReference; fileEncoding = 4; lastKnownFileType = sourcecode.swift; path = ViewController.swift; sourceTree = "<group>"; };
		638D30F121A75B3E00031B54 /* Result.swift */ = {isa = PBXFileReference; fileEncoding = 4; lastKnownFileType = sourcecode.swift; path = Result.swift; sourceTree = "<group>"; };
		638D30F221A75B3E00031B54 /* Assets.xcassets */ = {isa = PBXFileReference; lastKnownFileType = folder.assetcatalog; path = Assets.xcassets; sourceTree = "<group>"; };
		638D30F421A75B3E00031B54 /* Base */ = {isa = PBXFileReference; lastKnownFileType = file.storyboard; name = Base; path = Base.lproj/LaunchScreen.storyboard; sourceTree = "<group>"; };
		638D30F621A75B3E00031B54 /* Base */ = {isa = PBXFileReference; lastKnownFileType = file.storyboard; name = Base; path = Base.lproj/Main.storyboard; sourceTree = "<group>"; };
		638D30F721A75B3E00031B54 /* Extensions.swift */ = {isa = PBXFileReference; fileEncoding = 4; lastKnownFileType = sourcecode.swift; path = Extensions.swift; sourceTree = "<group>"; };
		638D30F821A75B3E00031B54 /* Compilation.swift */ = {isa = PBXFileReference; fileEncoding = 4; lastKnownFileType = sourcecode.swift; path = Compilation.swift; sourceTree = "<group>"; };
		638D30F921A75B3E00031B54 /* AppDelegate.swift */ = {isa = PBXFileReference; fileEncoding = 4; lastKnownFileType = sourcecode.swift; path = AppDelegate.swift; sourceTree = "<group>"; };
		638D30FA21A75B3E00031B54 /* Info.plist */ = {isa = PBXFileReference; fileEncoding = 4; lastKnownFileType = text.plist.xml; path = Info.plist; sourceTree = "<group>"; };
/* End PBXFileReference section */

/* Begin PBXFrameworksBuildPhase section */
		63890ECE21A5C3E0004DF8A2 /* Frameworks */ = {
			isa = PBXFrameworksBuildPhase;
			buildActionMask = 2147483647;
			files = (
				63026F702445D8F70096F852 /* BuildFile in Frameworks */,
				63026F732445DE780096F852 /* BuildFile in Frameworks */,
			);
			runOnlyForDeploymentPostprocessing = 0;
		};
/* End PBXFrameworksBuildPhase section */

/* Begin PBXGroup section */
		63890EC821A5C3E0004DF8A2 = {
			isa = PBXGroup;
			children = (
				638D30EF21A75B3E00031B54 /* Xcode mini */,
				63890ED221A5C3E0004DF8A2 /* Products */,
				CCD621A5BA9D9A70DCA9464B /* Pods */,
			);
			sourceTree = "<group>";
		};
		63890ED221A5C3E0004DF8A2 /* Products */ = {
			isa = PBXGroup;
			children = (
				63890ED121A5C3E0004DF8A2 /* Xcode mini.app */,
			);
			name = Products;
			sourceTree = "<group>";
		};
		638D30EF21A75B3E00031B54 /* Xcode mini */ = {
			isa = PBXGroup;
			children = (
				638D30F921A75B3E00031B54 /* AppDelegate.swift */,
				638D30F021A75B3E00031B54 /* ViewController.swift */,
				638D30F121A75B3E00031B54 /* Result.swift */,
				638D30F221A75B3E00031B54 /* Assets.xcassets */,
				638D30F321A75B3E00031B54 /* LaunchScreen.storyboard */,
				638D30F521A75B3E00031B54 /* Main.storyboard */,
				638D30F721A75B3E00031B54 /* Extensions.swift */,
				638D30F821A75B3E00031B54 /* Compilation.swift */,
				638D30FA21A75B3E00031B54 /* Info.plist */,
			);
			path = "Xcode mini";
			sourceTree = "<group>";
		};
		CCD621A5BA9D9A70DCA9464B /* Pods */ = {
			isa = PBXGroup;
			children = (
			);
			path = Pods;
			sourceTree = "<group>";
		};
/* End PBXGroup section */

/* Begin PBXNativeTarget section */
		63890ED021A5C3E0004DF8A2 /* Xcode mini */ = {
			isa = PBXNativeTarget;
			buildConfigurationList = 63890EE321A5C3E1004DF8A2 /* Build configuration list for PBXNativeTarget "Xcode mini" */;
			buildPhases = (
				63890ECD21A5C3E0004DF8A2 /* Sources */,
				63890ECE21A5C3E0004DF8A2 /* Frameworks */,
				63890ECF21A5C3E0004DF8A2 /* Resources */,
			);
			buildRules = (
			);
			dependencies = (
			);
			name = "Xcode mini";
			packageProductDependencies = (
				63026F6F2445D8F70096F852 /* SwiftPackageProductDependency */,
				63026F722445DE780096F852 /* SwiftPackageProductDependency */,
			);
			productName = "Xcode mini";
			productReference = 63890ED121A5C3E0004DF8A2 /* Xcode mini.app */;
			productType = "com.apple.product-type.application";
		};
/* End PBXNativeTarget section */

/* Begin PBXProject section */
		63890EC921A5C3E0004DF8A2 /* Project object */ = {
			isa = PBXProject;
			attributes = {
				LastSwiftUpdateCheck = 1010;
				LastUpgradeCheck = 1010;
				ORGANIZATIONNAME = fassko;
				TargetAttributes = {
					63890ED021A5C3E0004DF8A2 = {
						CreatedOnToolsVersion = 10.1;
					};
				};
			};
			buildConfigurationList = 63890ECC21A5C3E0004DF8A2 /* Build configuration list for PBXProject "Xcode mini" */;
			compatibilityVersion = "Xcode 9.3";
			developmentRegion = en;
			hasScannedForEncodings = 0;
			knownRegions = (
				en,
				Base,
			);
			mainGroup = 63890EC821A5C3E0004DF8A2;
			packageReferences = (
				63026F6E2445D8F70096F852 /* RemoteSwiftPackageReference */,
				63026F712445DE780096F852 /* RemoteSwiftPackageReference */,
			);
			productRefGroup = 63890ED221A5C3E0004DF8A2 /* Products */;
			projectDirPath = "";
			projectRoot = "";
			targets = (
				63890ED021A5C3E0004DF8A2 /* Xcode mini */,
			);
		};
/* End PBXProject section */

/* Begin PBXResourcesBuildPhase section */
		63890ECF21A5C3E0004DF8A2 /* Resources */ = {
			isa = PBXResourcesBuildPhase;
			buildActionMask = 2147483647;
			files = (
				638D310421A75CF400031B54 /* LaunchScreen.storyboard in Resources */,
				638D310521A75CF400031B54 /* Main.storyboard in Resources */,
				638D30FD21A75B3E00031B54 /* Assets.xcassets in Resources */,
			);
			runOnlyForDeploymentPostprocessing = 0;
		};
/* End PBXResourcesBuildPhase section */

/* Begin PBXSourcesBuildPhase section */
		63890ECD21A5C3E0004DF8A2 /* Sources */ = {
			isa = PBXSourcesBuildPhase;
			buildActionMask = 2147483647;
			files = (
				638D30FC21A75B3E00031B54 /* Result.swift in Sources */,
				638D310021A75B3E00031B54 /* Extensions.swift in Sources */,
				638D30FB21A75B3E00031B54 /* ViewController.swift in Sources */,
				638D310221A75B3E00031B54 /* AppDelegate.swift in Sources */,
				638D310121A75B3E00031B54 /* Compilation.swift in Sources */,
			);
			runOnlyForDeploymentPostprocessing = 0;
		};
/* End PBXSourcesBuildPhase section */

/* Begin PBXVariantGroup section */
		638D30F321A75B3E00031B54 /* LaunchScreen.storyboard */ = {
			isa = PBXVariantGroup;
			children = (
				638D30F421A75B3E00031B54 /* Base */,
			);
			name = LaunchScreen.storyboard;
			sourceTree = "<group>";
		};
		638D30F521A75B3E00031B54 /* Main.storyboard */ = {
			isa = PBXVariantGroup;
			children = (
				638D30F621A75B3E00031B54 /* Base */,
			);
			name = Main.storyboard;
			sourceTree = "<group>";
		};
/* End PBXVariantGroup section */

/* Begin XCBuildConfiguration section */
		63890EE121A5C3E1004DF8A2 /* Debug */ = {
			isa = XCBuildConfiguration;
			buildSettings = {
				ALWAYS_SEARCH_USER_PATHS = NO;
				CLANG_ANALYZER_NONNULL = YES;
				CLANG_ANALYZER_NUMBER_OBJECT_CONVERSION = YES_AGGRESSIVE;
				CLANG_CXX_LANGUAGE_STANDARD = "gnu++14";
				CLANG_CXX_LIBRARY = "libc++";
				CLANG_ENABLE_MODULES = YES;
				CLANG_ENABLE_OBJC_ARC = YES;
				CLANG_ENABLE_OBJC_WEAK = YES;
				CLANG_WARN_BLOCK_CAPTURE_AUTORELEASING = YES;
				CLANG_WARN_BOOL_CONVERSION = YES;
				CLANG_WARN_COMMA = YES;
				CLANG_WARN_CONSTANT_CONVERSION = YES;
				CLANG_WARN_DEPRECATED_OBJC_IMPLEMENTATIONS = YES;
				CLANG_WARN_DIRECT_OBJC_ISA_USAGE = YES_ERROR;
				CLANG_WARN_DOCUMENTATION_COMMENTS = YES;
				CLANG_WARN_EMPTY_BODY = YES;
				CLANG_WARN_ENUM_CONVERSION = YES;
				CLANG_WARN_INFINITE_RECURSION = YES;
				CLANG_WARN_INT_CONVERSION = YES;
				CLANG_WARN_NON_LITERAL_NULL_CONVERSION = YES;
				CLANG_WARN_OBJC_IMPLICIT_RETAIN_SELF = YES;
				CLANG_WARN_OBJC_LITERAL_CONVERSION = YES;
				CLANG_WARN_OBJC_ROOT_CLASS = YES_ERROR;
				CLANG_WARN_RANGE_LOOP_ANALYSIS = YES;
				CLANG_WARN_STRICT_PROTOTYPES = YES;
				CLANG_WARN_SUSPICIOUS_MOVE = YES;
				CLANG_WARN_UNGUARDED_AVAILABILITY = YES_AGGRESSIVE;
				CLANG_WARN_UNREACHABLE_CODE = YES;
				CLANG_WARN__DUPLICATE_METHOD_MATCH = YES;
				CODE_SIGN_IDENTITY = "iPhone Developer";
				COPY_PHASE_STRIP = NO;
				DEBUG_INFORMATION_FORMAT = dwarf;
				ENABLE_STRICT_OBJC_MSGSEND = YES;
				ENABLE_TESTABILITY = YES;
				GCC_C_LANGUAGE_STANDARD = gnu11;
				GCC_DYNAMIC_NO_PIC = NO;
				GCC_NO_COMMON_BLOCKS = YES;
				GCC_OPTIMIZATION_LEVEL = 0;
				GCC_PREPROCESSOR_DEFINITIONS = (
					"DEBUG=1",
					"$(inherited)",
				);
				GCC_WARN_64_TO_32_BIT_CONVERSION = YES;
				GCC_WARN_ABOUT_RETURN_TYPE = YES_ERROR;
				GCC_WARN_UNDECLARED_SELECTOR = YES;
				GCC_WARN_UNINITIALIZED_AUTOS = YES_AGGRESSIVE;
				GCC_WARN_UNUSED_FUNCTION = YES;
				GCC_WARN_UNUSED_VARIABLE = YES;
				IPHONEOS_DEPLOYMENT_TARGET = 13.0;
				MTL_ENABLE_DEBUG_INFO = INCLUDE_SOURCE;
				MTL_FAST_MATH = YES;
				ONLY_ACTIVE_ARCH = YES;
				SDKROOT = iphoneos;
				SWIFT_ACTIVE_COMPILATION_CONDITIONS = DEBUG;
				SWIFT_OPTIMIZATION_LEVEL = "-Onone";
				SWIFT_VERSION = 5.0;
			};
			name = Debug;
		};
		63890EE221A5C3E1004DF8A2 /* Release */ = {
			isa = XCBuildConfiguration;
			buildSettings = {
				ALWAYS_SEARCH_USER_PATHS = NO;
				CLANG_ANALYZER_NONNULL = YES;
				CLANG_ANALYZER_NUMBER_OBJECT_CONVERSION = YES_AGGRESSIVE;
				CLANG_CXX_LANGUAGE_STANDARD = "gnu++14";
				CLANG_CXX_LIBRARY = "libc++";
				CLANG_ENABLE_MODULES = YES;
				CLANG_ENABLE_OBJC_ARC = YES;
				CLANG_ENABLE_OBJC_WEAK = YES;
				CLANG_WARN_BLOCK_CAPTURE_AUTORELEASING = YES;
				CLANG_WARN_BOOL_CONVERSION = YES;
				CLANG_WARN_COMMA = YES;
				CLANG_WARN_CONSTANT_CONVERSION = YES;
				CLANG_WARN_DEPRECATED_OBJC_IMPLEMENTATIONS = YES;
				CLANG_WARN_DIRECT_OBJC_ISA_USAGE = YES_ERROR;
				CLANG_WARN_DOCUMENTATION_COMMENTS = YES;
				CLANG_WARN_EMPTY_BODY = YES;
				CLANG_WARN_ENUM_CONVERSION = YES;
				CLANG_WARN_INFINITE_RECURSION = YES;
				CLANG_WARN_INT_CONVERSION = YES;
				CLANG_WARN_NON_LITERAL_NULL_CONVERSION = YES;
				CLANG_WARN_OBJC_IMPLICIT_RETAIN_SELF = YES;
				CLANG_WARN_OBJC_LITERAL_CONVERSION = YES;
				CLANG_WARN_OBJC_ROOT_CLASS = YES_ERROR;
				CLANG_WARN_RANGE_LOOP_ANALYSIS = YES;
				CLANG_WARN_STRICT_PROTOTYPES = YES;
				CLANG_WARN_SUSPICIOUS_MOVE = YES;
				CLANG_WARN_UNGUARDED_AVAILABILITY = YES_AGGRESSIVE;
				CLANG_WARN_UNREACHABLE_CODE = YES;
				CLANG_WARN__DUPLICATE_METHOD_MATCH = YES;
				CODE_SIGN_IDENTITY = "iPhone Developer";
				COPY_PHASE_STRIP = NO;
				DEBUG_INFORMATION_FORMAT = "dwarf-with-dsym";
				ENABLE_NS_ASSERTIONS = NO;
				ENABLE_STRICT_OBJC_MSGSEND = YES;
				GCC_C_LANGUAGE_STANDARD = gnu11;
				GCC_NO_COMMON_BLOCKS = YES;
				GCC_WARN_64_TO_32_BIT_CONVERSION = YES;
				GCC_WARN_ABOUT_RETURN_TYPE = YES_ERROR;
				GCC_WARN_UNDECLARED_SELECTOR = YES;
				GCC_WARN_UNINITIALIZED_AUTOS = YES_AGGRESSIVE;
				GCC_WARN_UNUSED_FUNCTION = YES;
				GCC_WARN_UNUSED_VARIABLE = YES;
				IPHONEOS_DEPLOYMENT_TARGET = 13.0;
				MTL_ENABLE_DEBUG_INFO = NO;
				MTL_FAST_MATH = YES;
				SDKROOT = iphoneos;
				SWIFT_COMPILATION_MODE = wholemodule;
				SWIFT_OPTIMIZATION_LEVEL = "-O";
				SWIFT_VERSION = 5.0;
				VALIDATE_PRODUCT = YES;
			};
			name = Release;
		};
		63890EE421A5C3E1004DF8A2 /* Debug */ = {
			isa = XCBuildConfiguration;
			buildSettings = {
				ASSETCATALOG_COMPILER_APPICON_NAME = AppIcon;
				CODE_SIGN_STYLE = Automatic;
				DEVELOPMENT_TEAM = 3SGNZQGS68;
				INFOPLIST_FILE = "$(SRCROOT)/Xcode mini/Info.plist";
				IPHONEOS_DEPLOYMENT_TARGET = 13.0;
				LD_RUNPATH_SEARCH_PATHS = (
					"$(inherited)",
					"@executable_path/Frameworks",
				);
				PRODUCT_BUNDLE_IDENTIFIER = "com.fassko.Xcode-mini";
				PRODUCT_NAME = "$(TARGET_NAME)";
				SWIFT_VERSION = 5.0;
				TARGETED_DEVICE_FAMILY = "1,2";
			};
			name = Debug;
		};
		63890EE521A5C3E1004DF8A2 /* Release */ = {
			isa = XCBuildConfiguration;
			buildSettings = {
				ASSETCATALOG_COMPILER_APPICON_NAME = AppIcon;
				CODE_SIGN_STYLE = Automatic;
				DEVELOPMENT_TEAM = 3SGNZQGS68;
				INFOPLIST_FILE = "$(SRCROOT)/Xcode mini/Info.plist";
				IPHONEOS_DEPLOYMENT_TARGET = 13.0;
				LD_RUNPATH_SEARCH_PATHS = (
					"$(inherited)",
					"@executable_path/Frameworks",
				);
				PRODUCT_BUNDLE_IDENTIFIER = "com.fassko.Xcode-mini";
				PRODUCT_NAME = "$(TARGET_NAME)";
				SWIFT_VERSION = 5.0;
				TARGETED_DEVICE_FAMILY = "1,2";
			};
			name = Release;
		};
/* End XCBuildConfiguration section */

/* Begin XCConfigurationList section */
		63890ECC21A5C3E0004DF8A2 /* Build configuration list for PBXProject "Xcode mini" */ = {
			isa = XCConfigurationList;
			buildConfigurations = (
				63890EE121A5C3E1004DF8A2 /* Debug */,
				63890EE221A5C3E1004DF8A2 /* Release */,
			);
			defaultConfigurationIsVisible = 0;
			defaultConfigurationName = Release;
		};
		63890EE321A5C3E1004DF8A2 /* Build configuration list for PBXNativeTarget "Xcode mini" */ = {
			isa = XCConfigurationList;
			buildConfigurations = (
				63890EE421A5C3E1004DF8A2 /* Debug */,
				63890EE521A5C3E1004DF8A2 /* Release */,
			);
			defaultConfigurationIsVisible = 0;
			defaultConfigurationName = Release;
		};
/* End XCConfigurationList section */

/* Begin XCRemoteSwiftPackageReference section */
		63026F6E2445D8F70096F852 /* RemoteSwiftPackageReference */ = {
			isa = XCRemoteSwiftPackageReference;
			repositoryURL = "https://github.com/twostraws/Sourceful";
			requirement = {
				kind = upToNextMajorVersion;
				minimumVersion = 0.3.0;
			};
		};
		63026F712445DE780096F852 /* RemoteSwiftPackageReference */ = {
			isa = XCRemoteSwiftPackageReference;
			repositoryURL = "https://github.com/daltoniam/Starscream";
			requirement = {
				kind = upToNextMajorVersion;
				minimumVersion = 4.0.3;
			};
		};
/* End XCRemoteSwiftPackageReference section */

/* Begin XCSwiftPackageProductDependency section */
		63026F6F2445D8F70096F852 /* SwiftPackageProductDependency */ = {
			isa = XCSwiftPackageProductDependency;
			package = 63026F6E2445D8F70096F852 /* RemoteSwiftPackageReference */;
			productName = Sourceful;
		};
		63026F722445DE780096F852 /* SwiftPackageProductDependency */ = {
			isa = XCSwiftPackageProductDependency;
			package = 63026F712445DE780096F852 /* RemoteSwiftPackageReference */;
			productName = Starscream;
		};
/* End XCSwiftPackageProductDependency section */
	};
	rootObject = 63890EC921A5C3E0004DF8A2 /* Project object */;
}
